
Microsoft Visual Studio Solution File, Format Version 12.00
# Visual Studio Version 17
VisualStudioVersion = 17.7.34031.279
MinimumVisualStudioVersion = 10.0.40219.1
Project("{FAE04EC0-301F-11D3-BF4B-00C04F79EFBC}") = "TRPO", "TRPO\TRPO.csproj", "{62B85290-28D6-43F0-9DCF-0781CD8D871D}"
EndProject
Global
	GlobalSection(SolutionConfigurationPlatforms) = preSolution
		Debug|Any CPU = Debug|Any CPU
		Release|Any CPU = Release|Any CPU
	EndGlobalSection
	GlobalSection(ProjectConfigurationPlatforms) = postSolution
		{62B85290-28D6-43F0-9DCF-0781CD8D871D}.Debug|Any CPU.ActiveCfg = Debug|Any CPU
		{62B85290-28D6-43F0-9DCF-0781CD8D871D}.Debug|Any CPU.Build.0 = Debug|Any CPU
		{62B85290-28D6-43F0-9DCF-0781CD8D871D}.Release|Any CPU.ActiveCfg = Release|Any CPU
		{62B85290-28D6-43F0-9DCF-0781CD8D871D}.Release|Any CPU.Build.0 = Release|Any CPU
	EndGlobalSection
	GlobalSection(SolutionProperties) = preSolution
		HideSolutionNode = FALSE
	EndGlobalSection
	GlobalSection(ExtensibilityGlobals) = postSolution
		SolutionGuid = {56A52D97-40C1-41C5-9691-0AA6E5F4E2AE}
	EndGlobalSection
EndGlobal
